
Microsoft Visual Studio Solution File, Format Version 12.00
# Visual Studio 15
VisualStudioVersion = 15.0.28307.136
MinimumVisualStudioVersion = 10.0.40219.1
Project("{9A19103F-16F7-4668-BE54-9A1E7A4F7556}") = "Gehtsoft.ExpressionToJs", "Gehtsoft.ExpressionToJs\Gehtsoft.ExpressionToJs.csproj", "{D9E709EB-ADCB-4A53-AA16-78B4FF33C93B}"
EndProject
Project("{9A19103F-16F7-4668-BE54-9A1E7A4F7556}") = "Gehtsoft.ExpressionToJs.Tests", "Gehtsoft.ExpressionToJs.Tests\Gehtsoft.ExpressionToJs.Tests.csproj", "{4DACABCC-36C9-40AC-A373-3DF38BB586DC}"
EndProject
Global
	GlobalSection(SolutionConfigurationPlatforms) = preSolution
		Debug|Any CPU = Debug|Any CPU
		Release|Any CPU = Release|Any CPU
	EndGlobalSection
	GlobalSection(ProjectConfigurationPlatforms) = postSolution
		{D9E709EB-ADCB-4A53-AA16-78B4FF33C93B}.Debug|Any CPU.ActiveCfg = Debug|Any CPU
		{D9E709EB-ADCB-4A53-AA16-78B4FF33C93B}.Debug|Any CPU.Build.0 = Debug|Any CPU
		{D9E709EB-ADCB-4A53-AA16-78B4FF33C93B}.Release|Any CPU.ActiveCfg = Release|Any CPU
		{D9E709EB-ADCB-4A53-AA16-78B4FF33C93B}.Release|Any CPU.Build.0 = Release|Any CPU
		{4DACABCC-36C9-40AC-A373-3DF38BB586DC}.Debug|Any CPU.ActiveCfg = Debug|Any CPU
		{4DACABCC-36C9-40AC-A373-3DF38BB586DC}.Debug|Any CPU.Build.0 = Debug|Any CPU
		{4DACABCC-36C9-40AC-A373-3DF38BB586DC}.Release|Any CPU.ActiveCfg = Release|Any CPU
		{4DACABCC-36C9-40AC-A373-3DF38BB586DC}.Release|Any CPU.Build.0 = Release|Any CPU
	EndGlobalSection
	GlobalSection(SolutionProperties) = preSolution
		HideSolutionNode = FALSE
	EndGlobalSection
	GlobalSection(ExtensibilityGlobals) = postSolution
		        SolutionGuid = {666EF69F-7EA2-47CA-A832-E23E7ACA893D}
		SolutionGuid = {0F89917C-4253-45B6-BA14-1F3A214FFFCE}
	EndGlobalSection
EndGlobal
